
Microsoft Visual Studio Solution File, Format Version 12.00
# Visual Studio 15
Project("{FAE04EC0-301F-11D3-BF4B-00C04F79EFBC}") = "Procedural Line Generator and Object Placement", "Assembly-CSharp.csproj", "{3C1B7206-702E-B65D-A3D8-7F69B04A2A8E}"
EndProject
Project("{FAE04EC0-301F-11D3-BF4B-00C04F79EFBC}") = "Procedural Line Generator and Object Placement", "Assembly-CSharp-Editor.csproj", "{407C0CA8-18C1-9C9D-D020-3C757EC317CA}"
EndProject
Global
	GlobalSection(SolutionConfigurationPlatforms) = preSolution
		Debug|Any CPU = Debug|Any CPU
		Release|Any CPU = Release|Any CPU
	EndGlobalSection
	GlobalSection(ProjectConfigurationPlatforms) = postSolution
		{3C1B7206-702E-B65D-A3D8-7F69B04A2A8E}.Debug|Any CPU.ActiveCfg = Debug|Any CPU
		{3C1B7206-702E-B65D-A3D8-7F69B04A2A8E}.Debug|Any CPU.Build.0 = Debug|Any CPU
		{3C1B7206-702E-B65D-A3D8-7F69B04A2A8E}.Release|Any CPU.ActiveCfg = Release|Any CPU
		{3C1B7206-702E-B65D-A3D8-7F69B04A2A8E}.Release|Any CPU.Build.0 = Release|Any CPU
		{407C0CA8-18C1-9C9D-D020-3C757EC317CA}.Debug|Any CPU.ActiveCfg = Debug|Any CPU
		{407C0CA8-18C1-9C9D-D020-3C757EC317CA}.Debug|Any CPU.Build.0 = Debug|Any CPU
		{407C0CA8-18C1-9C9D-D020-3C757EC317CA}.Release|Any CPU.ActiveCfg = Release|Any CPU
		{407C0CA8-18C1-9C9D-D020-3C757EC317CA}.Release|Any CPU.Build.0 = Release|Any CPU
	EndGlobalSection
	GlobalSection(SolutionProperties) = preSolution
		HideSolutionNode = FALSE
	EndGlobalSection
EndGlobal
